{
  "name": "hello-world",
  "version": "1.0.0",
  "lockfileVersion": 1,
  "requires": true,
  "dependencies": {
    "async": {
      "version": "1.5.2",
      "resolved": "http://npm.nerdeez.com/async/-/async-1.5.2/ec6a61ae56480c0c3cb241c95618e20892f9672a.tgz",
      "integrity": "sha1-7GphrlZIDAw8skHJVhjiCJL5Zyo=",
      "dev": true
    },
    "babel-standalone": {
      "version": "6.26.0",
      "resolved": "http://npm.nerdeez.com/babel-standalone/-/babel-standalone-6.26.0/15fb3d35f2c456695815ebf1ed96fe7f015b6886.tgz",
      "integrity": "sha1-Ffs9NfLEVmlYFevx7Zb+fwFbaIY="
    },
    "colors": {
      "version": "1.0.3",
      "resolved": "http://npm.nerdeez.com/colors/-/colors-1.0.3/0433f44d809680fdeb60ed260f1b0c262e82a40b.tgz",
      "integrity": "sha1-BDP0TYCWgP3rYO0mDxsMJi6CpAs=",
      "dev": true
    },
    "corser": {
      "version": "2.0.1",
      "resolved": "http://npm.nerdeez.com/corser/-/corser-2.0.1/8eda252ecaab5840dcd975ceb90d9370c819ff87.tgz",
      "integrity": "sha1-jtolLsqrWEDc2XXOuQ2TcMgZ/4c=",
      "dev": true
    },
    "debug": {
      "version": "3.1.0",
      "resolved": "http://npm.nerdeez.com/debug/-/debug-3.1.0/5bb5a0672628b64149566ba16819e61518c67261.tgz",
      "integrity": "sha512-OX8XqP7/1a9cqkxYw2yXss15f26NKWBpDXQd0/uK/KPqdQhxbPa994hnzjcE2VqQpDslf55723cKPUOGSmMY3g==",
      "dev": true,
      "requires": {
        "ms": "2.0.0"
      }
    },
    "ecstatic": {
      "version": "3.3.0",
      "resolved": "http://npm.nerdeez.com/ecstatic/-/ecstatic-3.3.0/91cd417d152abf85b37b1ab3ebf3bd25cdc64e80.tgz",
      "integrity": "sha512-EblWYTd+wPIAMQ0U4oYJZ7QBypT9ZUIwpqli0bKDjeIIQnXDBK2dXtZ9yzRCOlkW1HkO8gn7/FxLK1yPIW17pw==",
      "dev": true,
      "requires": {
        "he": "^1.1.1",
        "mime": "^1.6.0",
        "minimist": "^1.1.0",
        "url-join": "^2.0.5"
      }
    },
    "eventemitter3": {
      "version": "3.1.0",
      "resolved": "http://npm.nerdeez.com/eventemitter3/-/eventemitter3-3.1.0/090b4d6cdbd645ed10bf750d4b5407942d7ba163.tgz",
      "integrity": "sha512-ivIvhpq/Y0uSjcHDcOIccjmYjGLcP09MFGE7ysAwkAvkXfpZlC985pH2/ui64DKazbTW/4kN3yqozUxlXzI6cA==",
      "dev": true
    },
    "follow-redirects": {
      "version": "1.5.10",
      "resolved": "http://npm.nerdeez.com/follow-redirects/-/follow-redirects-1.5.10/7b7a9f9aea2fdff36786a94ff643ed07f4ff5e2a.tgz",
      "integrity": "sha512-0V5l4Cizzvqt5D44aTXbFZz+FtyXV1vrDN6qrelxtfYQKW0KO0W2T/hkE8xvGa/540LkZlkaUjO4ailYTFtHVQ==",
      "dev": true,
      "requires": {
        "debug": "=3.1.0"
      }
    },
    "he": {
      "version": "1.2.0",
      "resolved": "http://npm.nerdeez.com/he/-/he-1.2.0/84ae65fa7eafb165fddb61566ae14baf05664f0f.tgz",
      "integrity": "sha512-F/1DnUGPopORZi0ni+CvrCgHQ5FyEAHRLSApuYWMmrbSwoN2Mn/7k+Gl38gJnR7yyDZk6WLXwiGod1JOWNDKGw==",
      "dev": true
    },
    "http-proxy": {
      "version": "1.17.0",
      "resolved": "http://npm.nerdeez.com/http-proxy/-/http-proxy-1.17.0/7ad38494658f84605e2f6db4436df410f4e5be9a.tgz",
      "integrity": "sha512-Taqn+3nNvYRfJ3bGvKfBSRwy1v6eePlm3oc/aWVxZp57DQr5Eq3xhKJi7Z4hZpS8PC3H4qI+Yly5EmFacGuA/g==",
      "dev": true,
      "requires": {
        "eventemitter3": "^3.0.0",
        "follow-redirects": "^1.0.0",
        "requires-port": "^1.0.0"
      }
    },
    "http-server": {
      "version": "0.11.1",
      "resolved": "http://npm.nerdeez.com/http-server/-/http-server-0.11.1/2302a56a6ffef7f9abea0147d838a5e9b6b6a79b.tgz",
      "integrity": "sha512-6JeGDGoujJLmhjiRGlt8yK8Z9Kl0vnl/dQoQZlc4oeqaUoAKQg94NILLfrY3oWzSyFaQCVNTcKE5PZ3cH8VP9w==",
      "dev": true,
      "requires": {
        "colors": "1.0.3",
        "corser": "~2.0.0",
        "ecstatic": "^3.0.0",
        "http-proxy": "^1.8.1",
        "opener": "~1.4.0",
        "optimist": "0.6.x",
        "portfinder": "^1.0.13",
        "union": "~0.4.3"
      }
    },
    "js-tokens": {
      "version": "4.0.0",
      "resolved": "http://npm.nerdeez.com/js-tokens/-/js-tokens-4.0.0/19203fb59991df98e3a287050d4647cdeaf32499.tgz",
      "integrity": "sha512-RdJUflcE3cUzKiMqQgsCu06FPu9UdIJO0beYbPhHN4k6apgJtifcoCtT9bcxOpYBtpD2kCM6Sbzg4CausW/PKQ=="
    },
    "loose-envify": {
      "version": "1.4.0",
      "resolved": "http://npm.nerdeez.com/loose-envify/-/loose-envify-1.4.0/71ee51fa7be4caec1a63839f7e682d8132d30caf.tgz",
      "integrity": "sha512-lyuxPGr/Wfhrlem2CL/UcnUc1zcqKAImBDzukY7Y5F/yQiNdko6+fRLevlw1HgMySw7f611UIY408EtxRSoK3Q==",
      "requires": {
        "js-tokens": "^3.0.0 || ^4.0.0"
      }
    },
    "mime": {
      "version": "1.6.0",
      "resolved": "http://npm.nerdeez.com/mime/-/mime-1.6.0/32cd9e5c64553bd58d19a568af452acff04981b1.tgz",
      "integrity": "sha512-x0Vn8spI+wuJ1O6S7gnbaQg8Pxh4NNHb7KSINmEWKiPE4RKOplvijn+NkmYmmRgP68mc70j2EbeTFRsrswaQeg==",
      "dev": true
    },
    "minimist": {
      "version": "1.2.0",
      "resolved": "http://npm.nerdeez.com/minimist/-/minimist-1.2.0/a35008b20f41383eec1fb914f4cd5df79a264284.tgz",
      "integrity": "sha1-o1AIsg9BOD7sH7kU9M1d95omQoQ=",
      "dev": true
    },
    "mkdirp": {
      "version": "0.5.1",
      "resolved": "http://npm.nerdeez.com/mkdirp/-/mkdirp-0.5.1/30057438eac6cf7f8c4767f38648d6697d75c903.tgz",
      "integrity": "sha1-MAV0OOrGz3+MR2fzhkjWaX11yQM=",
      "dev": true,
      "requires": {
        "minimist": "0.0.8"
      },
      "dependencies": {
        "minimist": {
          "version": "0.0.8",
          "resolved": "http://npm.nerdeez.com/minimist/-/minimist-0.0.8/857fcabfc3397d2625b8228262e86aa7a011b05d.tgz",
          "integrity": "sha1-hX/Kv8M5fSYluCKCYuhqp6ARsF0=",
          "dev": true
        }
      }
    },
    "ms": {
      "version": "2.0.0",
      "resolved": "http://npm.nerdeez.com/ms/-/ms-2.0.0/5608aeadfc00be6c2901df5f9861788de0d597c8.tgz",
      "integrity": "sha1-VgiurfwAvmwpAd9fmGF4jeDVl8g=",
      "dev": true
    },
    "object-assign": {
      "version": "4.1.1",
      "resolved": "http://npm.nerdeez.com/object-assign/-/object-assign-4.1.1/2109adc7965887cfc05cbbd442cac8bfbb360863.tgz",
      "integrity": "sha1-IQmtx5ZYh8/AXLvUQsrIv7s2CGM="
    },
    "opener": {
      "version": "1.4.3",
      "resolved": "http://npm.nerdeez.com/opener/-/opener-1.4.3/5c6da2c5d7e5831e8ffa3964950f8d6674ac90b8.tgz",
      "integrity": "sha1-XG2ixdflgx6P+jlklQ+NZnSskLg=",
      "dev": true
    },
    "optimist": {
      "version": "0.6.1",
      "resolved": "http://npm.nerdeez.com/optimist/-/optimist-0.6.1/da3ea74686fa21a19a111c326e90eb15a0196686.tgz",
      "integrity": "sha1-2j6nRob6IaGaERwybpDrFaAZZoY=",
      "dev": true,
      "requires": {
        "minimist": "~0.0.1",
        "wordwrap": "~0.0.2"
      },
      "dependencies": {
        "minimist": {
          "version": "0.0.10",
          "resolved": "http://npm.nerdeez.com/minimist/-/minimist-0.0.10/de3f98543dbf96082be48ad1a0c7cda836301dcf.tgz",
          "integrity": "sha1-3j+YVD2/lggr5IrRoMfNqDYwHc8=",
          "dev": true
        }
      }
    },
    "portfinder": {
      "version": "1.0.19",
      "resolved": "http://npm.nerdeez.com/portfinder/-/portfinder-1.0.19/07e87914a55242dcda5b833d42f018d6875b595f.tgz",
      "integrity": "sha512-23aeQKW9KgHe6citUrG3r9HjeX6vls0h713TAa+CwTKZwNIr/pD2ApaxYF4Um3ZZyq4ar+Siv3+fhoHaIwSOSw==",
      "dev": true,
      "requires": {
        "async": "^1.5.2",
        "debug": "^2.2.0",
        "mkdirp": "0.5.x"
      },
      "dependencies": {
        "debug": {
          "version": "2.6.9",
          "resolved": "http://npm.nerdeez.com/debug/-/debug-2.6.9/5d128515df134ff327e90a4c93f4e077a536341f.tgz",
          "integrity": "sha512-bC7ElrdJaJnPbAP+1EotYvqZsb3ecl5wi6Bfi6BJTUcNowp6cvspg0jXznRTKDjm/E7AdgFBVeAPVMNcKGsHMA==",
          "dev": true,
          "requires": {
            "ms": "2.0.0"
          }
        }
      }
    },
    "prop-types": {
      "version": "15.6.2",
      "resolved": "http://npm.nerdeez.com/prop-types/-/prop-types-15.6.2/05d5ca77b4453e985d60fc7ff8c859094a497102.tgz",
      "integrity": "sha512-3pboPvLiWD7dkI3qf3KbUe6hKFKa52w+AE0VCqECtf+QHAKgOL37tTaNCnuX1nAAQ4ZhyP+kYVKf8rLmJ/feDQ==",
      "requires": {
        "loose-envify": "^1.3.1",
        "object-assign": "^4.1.1"
      }
    },
    "qs": {
      "version": "2.3.3",
      "resolved": "http://npm.nerdeez.com/qs/-/qs-2.3.3/e9e85adbe75da0bbe4c8e0476a086290f863b404.tgz",
      "integrity": "sha1-6eha2+ddoLvkyOBHaghikPhjtAQ=",
      "dev": true
    },
    "react": {
      "version": "16.6.3",
      "resolved": "http://npm.nerdeez.com/react/-/react-16.6.3/25d77c91911d6bbdd23db41e70fb094cc1e0871c.tgz",
      "integrity": "sha512-zCvmH2vbEolgKxtqXL2wmGCUxUyNheYn/C+PD1YAjfxHC54+MhdruyhO7QieQrYsYeTxrn93PM2y0jRH1zEExw==",
      "requires": {
        "loose-envify": "^1.1.0",
        "object-assign": "^4.1.1",
        "prop-types": "^15.6.2",
        "scheduler": "^0.11.2"
      }
    },
    "react-dom": {
      "version": "16.6.3",
      "resolved": "http://npm.nerdeez.com/react-dom/-/react-dom-16.6.3/8fa7ba6883c85211b8da2d0efeffc9d3825cccc0.tgz",
      "integrity": "sha512-8ugJWRCWLGXy+7PmNh8WJz3g1TaTUt1XyoIcFN+x0Zbkoz+KKdUyx1AQLYJdbFXjuF41Nmjn5+j//rxvhFjgSQ==",
      "requires": {
        "loose-envify": "^1.1.0",
        "object-assign": "^4.1.1",
        "prop-types": "^15.6.2",
        "scheduler": "^0.11.2"
      }
    },
    "requires-port": {
      "version": "1.0.0",
      "resolved": "http://npm.nerdeez.com/requires-port/-/requires-port-1.0.0/925d2601d39ac485e091cf0da5c6e694dc3dcaff.tgz",
      "integrity": "sha1-kl0mAdOaxIXgkc8NpcbmlNw9yv8=",
      "dev": true
    },
    "scheduler": {
      "version": "0.11.2",
      "resolved": "http://npm.nerdeez.com/scheduler/-/scheduler-0.11.2/a8db5399d06eba5abac51b705b7151d2319d33d3.tgz",
      "integrity": "sha512-+WCP3s3wOaW4S7C1tl3TEXp4l9lJn0ZK8G3W3WKRWmw77Z2cIFUW2MiNTMHn5sCjxN+t7N43HAOOgMjyAg5hlg==",
      "requires": {
        "loose-envify": "^1.1.0",
        "object-assign": "^4.1.1"
      }
    },
    "union": {
      "version": "0.4.6",
      "resolved": "http://npm.nerdeez.com/union/-/union-0.4.6/198fbdaeba254e788b0efcb630bc11f24a2959e0.tgz",
      "integrity": "sha1-GY+9rrolTniLDvy2MLwR8kopWeA=",
      "dev": true,
      "requires": {
        "qs": "~2.3.3"
      }
    },
    "url-join": {
      "version": "2.0.5",
      "resolved": "http://npm.nerdeez.com/url-join/-/url-join-2.0.5/5af22f18c052a000a48d7b82c5e9c2e2feeda728.tgz",
      "integrity": "sha1-WvIvGMBSoACkjXuCxenC4v7tpyg=",
      "dev": true
    },
    "wordwrap": {
      "version": "0.0.3",
      "resolved": "http://npm.nerdeez.com/wordwrap/-/wordwrap-0.0.3/a3d5da6cd5c0bc0008d37234bbaf1bed63059107.tgz",
      "integrity": "sha1-o9XabNXAvAAI03I0u68b7WMFkQc=",
      "dev": true
    }
  }
}
